// !$*UTF8*$!
{
	archiveVersion = 1;
	classes = {
	};
	objectVersion = 51;
	objects = {

/* Begin PBXBuildFile section */
		3EB5998BB97261F02382B093 /* Pods_Represent_RepresentUITests.framework in Frameworks */ = {isa = PBXBuildFile; fileRef = C43BA082FEB3A6A4A0C12874 /* Pods_Represent_RepresentUITests.framework */; };
		402B29568F09EB1144D055D5 /* Pods_RepresentTests.framework in Frameworks */ = {isa = PBXBuildFile; fileRef = 31141F95D6EE27B492B88729 /* Pods_RepresentTests.framework */; };
		580BB60D24C0ACCF00DFED65 /* PostQuestionsViewController.m in Sources */ = {isa = PBXBuildFile; fileRef = 580BB60C24C0ACCF00DFED65 /* PostQuestionsViewController.m */; };
		580BB61324C0F7BF00DFED65 /* RepresentativeCell.m in Sources */ = {isa = PBXBuildFile; fileRef = 580BB61224C0F7BF00DFED65 /* RepresentativeCell.m */; };
		580BB61624C2A5D600DFED65 /* BillCell.m in Sources */ = {isa = PBXBuildFile; fileRef = 580BB61524C2A5D600DFED65 /* BillCell.m */; };
		5840C96724C642DD004E369A /* BillDetailsViewController.m in Sources */ = {isa = PBXBuildFile; fileRef = 5840C96624C642DD004E369A /* BillDetailsViewController.m */; };
		5845E72D24BE0D4D00D46103 /* RegistrationViewController.m in Sources */ = {isa = PBXBuildFile; fileRef = 5845E72C24BE0D4D00D46103 /* RegistrationViewController.m */; };
		5845E73024BE424D00D46103 /* APIManager.m in Sources */ = {isa = PBXBuildFile; fileRef = 5845E72F24BE424D00D46103 /* APIManager.m */; };
		5845E73324BE8DC700D46103 /* QuestionsViewController.m in Sources */ = {isa = PBXBuildFile; fileRef = 5845E73224BE8DC700D46103 /* QuestionsViewController.m */; };
		5845E73624BEB57300D46103 /* BillsViewController.m in Sources */ = {isa = PBXBuildFile; fileRef = 5845E73524BEB57300D46103 /* BillsViewController.m */; };
		5845E73924BEB57D00D46103 /* ProfileViewController.m in Sources */ = {isa = PBXBuildFile; fileRef = 5845E73824BEB57D00D46103 /* ProfileViewController.m */; };
		5845E73C24BEB74C00D46103 /* QuestionCell.m in Sources */ = {isa = PBXBuildFile; fileRef = 5845E73B24BEB74C00D46103 /* QuestionCell.m */; };
		5864A6F424BCC8BD008EB431 /* AppDelegate.m in Sources */ = {isa = PBXBuildFile; fileRef = 5864A6F324BCC8BD008EB431 /* AppDelegate.m */; };
		5864A6F724BCC8BD008EB431 /* SceneDelegate.m in Sources */ = {isa = PBXBuildFile; fileRef = 5864A6F624BCC8BD008EB431 /* SceneDelegate.m */; };
		5864A6FA24BCC8BD008EB431 /* LoginViewController.m in Sources */ = {isa = PBXBuildFile; fileRef = 5864A6F924BCC8BD008EB431 /* LoginViewController.m */; };
		5864A6FD24BCC8BD008EB431 /* Main.storyboard in Resources */ = {isa = PBXBuildFile; fileRef = 5864A6FB24BCC8BD008EB431 /* Main.storyboard */; };
		5864A6FF24BCC8BF008EB431 /* Assets.xcassets in Resources */ = {isa = PBXBuildFile; fileRef = 5864A6FE24BCC8BF008EB431 /* Assets.xcassets */; };
		5864A70224BCC8BF008EB431 /* LaunchScreen.storyboard in Resources */ = {isa = PBXBuildFile; fileRef = 5864A70024BCC8BF008EB431 /* LaunchScreen.storyboard */; };
		5864A70524BCC8BF008EB431 /* main.m in Sources */ = {isa = PBXBuildFile; fileRef = 5864A70424BCC8BF008EB431 /* main.m */; };
		5864A70F24BCC8BF008EB431 /* RepresentTests.m in Sources */ = {isa = PBXBuildFile; fileRef = 5864A70E24BCC8BF008EB431 /* RepresentTests.m */; };
		5864A71A24BCC8BF008EB431 /* RepresentUITests.m in Sources */ = {isa = PBXBuildFile; fileRef = 5864A71924BCC8BF008EB431 /* RepresentUITests.m */; };
		5864A72D24BD07E2008EB431 /* Question.m in Sources */ = {isa = PBXBuildFile; fileRef = 5864A72C24BD07E2008EB431 /* Question.m */; };
		5864A73024BD094C008EB431 /* User.m in Sources */ = {isa = PBXBuildFile; fileRef = 5864A72F24BD094C008EB431 /* User.m */; };
		58D42D8D24CB9EDE00376E64 /* VoteCell.m in Sources */ = {isa = PBXBuildFile; fileRef = 58D42D8C24CB9EDE00376E64 /* VoteCell.m */; };
		58E9B91C24BD199300263BF6 /* Bill.m in Sources */ = {isa = PBXBuildFile; fileRef = 58E9B91B24BD199300263BF6 /* Bill.m */; };
		58E9B91F24BD1EB300263BF6 /* Utils.mm in Sources */ = {isa = PBXBuildFile; fileRef = 58E9B91E24BD1EB300263BF6 /* Utils.mm */; };
		AEEBA24CB3958F4776577C56 /* Pods_Represent.framework in Frameworks */ = {isa = PBXBuildFile; fileRef = E9C3343F055F2A3123041E27 /* Pods_Represent.framework */; };
/* End PBXBuildFile section */

/* Begin PBXContainerItemProxy section */
		5864A70B24BCC8BF008EB431 /* PBXContainerItemProxy */ = {
			isa = PBXContainerItemProxy;
			containerPortal = 5864A6E724BCC8BD008EB431 /* Project object */;
			proxyType = 1;
			remoteGlobalIDString = 5864A6EE24BCC8BD008EB431;
			remoteInfo = Represent;
		};
		5864A71624BCC8BF008EB431 /* PBXContainerItemProxy */ = {
			isa = PBXContainerItemProxy;
			containerPortal = 5864A6E724BCC8BD008EB431 /* Project object */;
			proxyType = 1;
			remoteGlobalIDString = 5864A6EE24BCC8BD008EB431;
			remoteInfo = Represent;
		};
/* End PBXContainerItemProxy section */

/* Begin PBXFileReference section */
		1F3D199CD8140A0B2516AADE /* Pods-Represent.debug.xcconfig */ = {isa = PBXFileReference; includeInIndex = 1; lastKnownFileType = text.xcconfig; name = "Pods-Represent.debug.xcconfig"; path = "Target Support Files/Pods-Represent/Pods-Represent.debug.xcconfig"; sourceTree = "<group>"; };
		2FE7E1791D6E31059A8E0C28 /* Pods-Represent.release.xcconfig */ = {isa = PBXFileReference; includeInIndex = 1; lastKnownFileType = text.xcconfig; name = "Pods-Represent.release.xcconfig"; path = "Target Support Files/Pods-Represent/Pods-Represent.release.xcconfig"; sourceTree = "<group>"; };
		31141F95D6EE27B492B88729 /* Pods_RepresentTests.framework */ = {isa = PBXFileReference; explicitFileType = wrapper.framework; includeInIndex = 0; path = Pods_RepresentTests.framework; sourceTree = BUILT_PRODUCTS_DIR; };
		441CD349C42F92316B822E3A /* Pods-RepresentTests.release.xcconfig */ = {isa = PBXFileReference; includeInIndex = 1; lastKnownFileType = text.xcconfig; name = "Pods-RepresentTests.release.xcconfig"; path = "Target Support Files/Pods-RepresentTests/Pods-RepresentTests.release.xcconfig"; sourceTree = "<group>"; };
		544D8C2B9FA0BD280B2C4A64 /* Pods-RepresentTests.debug.xcconfig */ = {isa = PBXFileReference; includeInIndex = 1; lastKnownFileType = text.xcconfig; name = "Pods-RepresentTests.debug.xcconfig"; path = "Target Support Files/Pods-RepresentTests/Pods-RepresentTests.debug.xcconfig"; sourceTree = "<group>"; };
		580BB60B24C0ACCF00DFED65 /* PostQuestionsViewController.h */ = {isa = PBXFileReference; lastKnownFileType = sourcecode.c.h; path = PostQuestionsViewController.h; sourceTree = "<group>"; };
		580BB60C24C0ACCF00DFED65 /* PostQuestionsViewController.m */ = {isa = PBXFileReference; lastKnownFileType = sourcecode.c.objc; path = PostQuestionsViewController.m; sourceTree = "<group>"; };
		580BB61124C0F7BF00DFED65 /* RepresentativeCell.h */ = {isa = PBXFileReference; lastKnownFileType = sourcecode.c.h; path = RepresentativeCell.h; sourceTree = "<group>"; };
		580BB61224C0F7BF00DFED65 /* RepresentativeCell.m */ = {isa = PBXFileReference; lastKnownFileType = sourcecode.c.objc; path = RepresentativeCell.m; sourceTree = "<group>"; };
		580BB61424C2A5D600DFED65 /* BillCell.h */ = {isa = PBXFileReference; lastKnownFileType = sourcecode.c.h; path = BillCell.h; sourceTree = "<group>"; };
		580BB61524C2A5D600DFED65 /* BillCell.m */ = {isa = PBXFileReference; lastKnownFileType = sourcecode.c.objc; path = BillCell.m; sourceTree = "<group>"; };
		5840C96524C642DD004E369A /* BillDetailsViewController.h */ = {isa = PBXFileReference; lastKnownFileType = sourcecode.c.h; path = BillDetailsViewController.h; sourceTree = "<group>"; };
		5840C96624C642DD004E369A /* BillDetailsViewController.m */ = {isa = PBXFileReference; lastKnownFileType = sourcecode.c.objc; path = BillDetailsViewController.m; sourceTree = "<group>"; };
		5845E72B24BE0D4D00D46103 /* RegistrationViewController.h */ = {isa = PBXFileReference; lastKnownFileType = sourcecode.c.h; path = RegistrationViewController.h; sourceTree = "<group>"; };
		5845E72C24BE0D4D00D46103 /* RegistrationViewController.m */ = {isa = PBXFileReference; lastKnownFileType = sourcecode.c.objc; path = RegistrationViewController.m; sourceTree = "<group>"; };
		5845E72E24BE424D00D46103 /* APIManager.h */ = {isa = PBXFileReference; lastKnownFileType = sourcecode.c.h; path = APIManager.h; sourceTree = "<group>"; };
		5845E72F24BE424D00D46103 /* APIManager.m */ = {isa = PBXFileReference; lastKnownFileType = sourcecode.c.objc; path = APIManager.m; sourceTree = "<group>"; };
		5845E73124BE8DC700D46103 /* QuestionsViewController.h */ = {isa = PBXFileReference; lastKnownFileType = sourcecode.c.h; path = QuestionsViewController.h; sourceTree = "<group>"; };
		5845E73224BE8DC700D46103 /* QuestionsViewController.m */ = {isa = PBXFileReference; lastKnownFileType = sourcecode.c.objc; path = QuestionsViewController.m; sourceTree = "<group>"; };
		5845E73424BEB57300D46103 /* BillsViewController.h */ = {isa = PBXFileReference; lastKnownFileType = sourcecode.c.h; path = BillsViewController.h; sourceTree = "<group>"; };
		5845E73524BEB57300D46103 /* BillsViewController.m */ = {isa = PBXFileReference; lastKnownFileType = sourcecode.c.objc; path = BillsViewController.m; sourceTree = "<group>"; };
		5845E73724BEB57C00D46103 /* ProfileViewController.h */ = {isa = PBXFileReference; lastKnownFileType = sourcecode.c.h; path = ProfileViewController.h; sourceTree = "<group>"; };
		5845E73824BEB57D00D46103 /* ProfileViewController.m */ = {isa = PBXFileReference; lastKnownFileType = sourcecode.c.objc; path = ProfileViewController.m; sourceTree = "<group>"; };
		5845E73A24BEB74C00D46103 /* QuestionCell.h */ = {isa = PBXFileReference; lastKnownFileType = sourcecode.c.h; path = QuestionCell.h; sourceTree = "<group>"; };
		5845E73B24BEB74C00D46103 /* QuestionCell.m */ = {isa = PBXFileReference; lastKnownFileType = sourcecode.c.objc; path = QuestionCell.m; sourceTree = "<group>"; };
		5864A6EF24BCC8BD008EB431 /* Represent.app */ = {isa = PBXFileReference; explicitFileType = wrapper.application; includeInIndex = 0; path = Represent.app; sourceTree = BUILT_PRODUCTS_DIR; };
		5864A6F224BCC8BD008EB431 /* AppDelegate.h */ = {isa = PBXFileReference; lastKnownFileType = sourcecode.c.h; path = AppDelegate.h; sourceTree = "<group>"; };
		5864A6F324BCC8BD008EB431 /* AppDelegate.m */ = {isa = PBXFileReference; lastKnownFileType = sourcecode.c.objc; path = AppDelegate.m; sourceTree = "<group>"; };
		5864A6F524BCC8BD008EB431 /* SceneDelegate.h */ = {isa = PBXFileReference; lastKnownFileType = sourcecode.c.h; path = SceneDelegate.h; sourceTree = "<group>"; };
		5864A6F624BCC8BD008EB431 /* SceneDelegate.m */ = {isa = PBXFileReference; lastKnownFileType = sourcecode.c.objc; path = SceneDelegate.m; sourceTree = "<group>"; };
		5864A6F824BCC8BD008EB431 /* LoginViewController.h */ = {isa = PBXFileReference; lastKnownFileType = sourcecode.c.h; path = LoginViewController.h; sourceTree = "<group>"; };
		5864A6F924BCC8BD008EB431 /* LoginViewController.m */ = {isa = PBXFileReference; lastKnownFileType = sourcecode.c.objc; path = LoginViewController.m; sourceTree = "<group>"; };
		5864A6FC24BCC8BD008EB431 /* Base */ = {isa = PBXFileReference; lastKnownFileType = file.storyboard; name = Base; path = Base.lproj/Main.storyboard; sourceTree = "<group>"; };
		5864A6FE24BCC8BF008EB431 /* Assets.xcassets */ = {isa = PBXFileReference; lastKnownFileType = folder.assetcatalog; path = Assets.xcassets; sourceTree = "<group>"; };
		5864A70124BCC8BF008EB431 /* Base */ = {isa = PBXFileReference; lastKnownFileType = file.storyboard; name = Base; path = Base.lproj/LaunchScreen.storyboard; sourceTree = "<group>"; };
		5864A70324BCC8BF008EB431 /* Info.plist */ = {isa = PBXFileReference; lastKnownFileType = text.plist.xml; path = Info.plist; sourceTree = "<group>"; };
		5864A70424BCC8BF008EB431 /* main.m */ = {isa = PBXFileReference; lastKnownFileType = sourcecode.c.objc; path = main.m; sourceTree = "<group>"; };
		5864A70A24BCC8BF008EB431 /* RepresentTests.xctest */ = {isa = PBXFileReference; explicitFileType = wrapper.cfbundle; includeInIndex = 0; path = RepresentTests.xctest; sourceTree = BUILT_PRODUCTS_DIR; };
		5864A70E24BCC8BF008EB431 /* RepresentTests.m */ = {isa = PBXFileReference; lastKnownFileType = sourcecode.c.objc; path = RepresentTests.m; sourceTree = "<group>"; };
		5864A71024BCC8BF008EB431 /* Info.plist */ = {isa = PBXFileReference; lastKnownFileType = text.plist.xml; path = Info.plist; sourceTree = "<group>"; };
		5864A71524BCC8BF008EB431 /* RepresentUITests.xctest */ = {isa = PBXFileReference; explicitFileType = wrapper.cfbundle; includeInIndex = 0; path = RepresentUITests.xctest; sourceTree = BUILT_PRODUCTS_DIR; };
		5864A71924BCC8BF008EB431 /* RepresentUITests.m */ = {isa = PBXFileReference; lastKnownFileType = sourcecode.c.objc; path = RepresentUITests.m; sourceTree = "<group>"; };
		5864A71B24BCC8BF008EB431 /* Info.plist */ = {isa = PBXFileReference; lastKnownFileType = text.plist.xml; path = Info.plist; sourceTree = "<group>"; };
		5864A72B24BD07E2008EB431 /* Question.h */ = {isa = PBXFileReference; lastKnownFileType = sourcecode.c.h; path = Question.h; sourceTree = "<group>"; };
		5864A72C24BD07E2008EB431 /* Question.m */ = {isa = PBXFileReference; lastKnownFileType = sourcecode.c.objc; path = Question.m; sourceTree = "<group>"; };
		5864A72E24BD094C008EB431 /* User.h */ = {isa = PBXFileReference; lastKnownFileType = sourcecode.c.h; path = User.h; sourceTree = "<group>"; };
		5864A72F24BD094C008EB431 /* User.m */ = {isa = PBXFileReference; lastKnownFileType = sourcecode.c.objc; path = User.m; sourceTree = "<group>"; };
		58D42D8B24CB9EDE00376E64 /* VoteCell.h */ = {isa = PBXFileReference; lastKnownFileType = sourcecode.c.h; path = VoteCell.h; sourceTree = "<group>"; };
		58D42D8C24CB9EDE00376E64 /* VoteCell.m */ = {isa = PBXFileReference; lastKnownFileType = sourcecode.c.objc; path = VoteCell.m; sourceTree = "<group>"; };
		58E9B91A24BD199300263BF6 /* Bill.h */ = {isa = PBXFileReference; lastKnownFileType = sourcecode.c.h; path = Bill.h; sourceTree = "<group>"; };
		58E9B91B24BD199300263BF6 /* Bill.m */ = {isa = PBXFileReference; lastKnownFileType = sourcecode.c.objc; path = Bill.m; sourceTree = "<group>"; };
		58E9B91D24BD1EB300263BF6 /* Utils.h */ = {isa = PBXFileReference; lastKnownFileType = sourcecode.c.h; path = Utils.h; sourceTree = "<group>"; };
		58E9B91E24BD1EB300263BF6 /* Utils.mm */ = {isa = PBXFileReference; lastKnownFileType = sourcecode.cpp.objcpp; path = Utils.mm; sourceTree = "<group>"; };
		756F1D18C0465A6F7F6020EB /* Pods-Represent-RepresentUITests.debug.xcconfig */ = {isa = PBXFileReference; includeInIndex = 1; lastKnownFileType = text.xcconfig; name = "Pods-Represent-RepresentUITests.debug.xcconfig"; path = "Target Support Files/Pods-Represent-RepresentUITests/Pods-Represent-RepresentUITests.debug.xcconfig"; sourceTree = "<group>"; };
		C43BA082FEB3A6A4A0C12874 /* Pods_Represent_RepresentUITests.framework */ = {isa = PBXFileReference; explicitFileType = wrapper.framework; includeInIndex = 0; path = Pods_Represent_RepresentUITests.framework; sourceTree = BUILT_PRODUCTS_DIR; };
		E2A80CB88FA5758626A1B24B /* Pods-Represent-RepresentUITests.release.xcconfig */ = {isa = PBXFileReference; includeInIndex = 1; lastKnownFileType = text.xcconfig; name = "Pods-Represent-RepresentUITests.release.xcconfig"; path = "Target Support Files/Pods-Represent-RepresentUITests/Pods-Represent-RepresentUITests.release.xcconfig"; sourceTree = "<group>"; };
		E9C3343F055F2A3123041E27 /* Pods_Represent.framework */ = {isa = PBXFileReference; explicitFileType = wrapper.framework; includeInIndex = 0; path = Pods_Represent.framework; sourceTree = BUILT_PRODUCTS_DIR; };
/* End PBXFileReference section */

/* Begin PBXFrameworksBuildPhase section */
		5864A6EC24BCC8BD008EB431 /* Frameworks */ = {
			isa = PBXFrameworksBuildPhase;
			buildActionMask = 2147483647;
			files = (
				AEEBA24CB3958F4776577C56 /* Pods_Represent.framework in Frameworks */,
			);
			runOnlyForDeploymentPostprocessing = 0;
		};
		5864A70724BCC8BF008EB431 /* Frameworks */ = {
			isa = PBXFrameworksBuildPhase;
			buildActionMask = 2147483647;
			files = (
				402B29568F09EB1144D055D5 /* Pods_RepresentTests.framework in Frameworks */,
			);
			runOnlyForDeploymentPostprocessing = 0;
		};
		5864A71224BCC8BF008EB431 /* Frameworks */ = {
			isa = PBXFrameworksBuildPhase;
			buildActionMask = 2147483647;
			files = (
				3EB5998BB97261F02382B093 /* Pods_Represent_RepresentUITests.framework in Frameworks */,
			);
			runOnlyForDeploymentPostprocessing = 0;
		};
/* End PBXFrameworksBuildPhase section */

/* Begin PBXGroup section */
		5864A6E624BCC8BD008EB431 = {
			isa = PBXGroup;
			children = (
				5864A6F124BCC8BD008EB431 /* Represent */,
				5864A70D24BCC8BF008EB431 /* RepresentTests */,
				5864A71824BCC8BF008EB431 /* RepresentUITests */,
				5864A6F024BCC8BD008EB431 /* Products */,
				68C496F08D661F742A773E29 /* Pods */,
				64F1C31549370D71B2B9052A /* Frameworks */,
			);
			sourceTree = "<group>";
		};
		5864A6F024BCC8BD008EB431 /* Products */ = {
			isa = PBXGroup;
			children = (
				5864A6EF24BCC8BD008EB431 /* Represent.app */,
				5864A70A24BCC8BF008EB431 /* RepresentTests.xctest */,
				5864A71524BCC8BF008EB431 /* RepresentUITests.xctest */,
			);
			name = Products;
			sourceTree = "<group>";
		};
		5864A6F124BCC8BD008EB431 /* Represent */ = {
			isa = PBXGroup;
			children = (
				58A0181724D3481800B2C275 /* Utils */,
				5864A72A24BD0698008EB431 /* API */,
				5864A72924BD0694008EB431 /* Views */,
				5864A72824BD068B008EB431 /* Models */,
				5864A72724BD0669008EB431 /* View Controllers */,
				5864A6F224BCC8BD008EB431 /* AppDelegate.h */,
				5864A6F324BCC8BD008EB431 /* AppDelegate.m */,
				5864A6F524BCC8BD008EB431 /* SceneDelegate.h */,
				5864A6F624BCC8BD008EB431 /* SceneDelegate.m */,
				5864A6FB24BCC8BD008EB431 /* Main.storyboard */,
				5864A6FE24BCC8BF008EB431 /* Assets.xcassets */,
				5864A70024BCC8BF008EB431 /* LaunchScreen.storyboard */,
				5864A70324BCC8BF008EB431 /* Info.plist */,
				5864A70424BCC8BF008EB431 /* main.m */,
			);
			path = Represent;
			sourceTree = "<group>";
		};
		5864A70D24BCC8BF008EB431 /* RepresentTests */ = {
			isa = PBXGroup;
			children = (
				5864A70E24BCC8BF008EB431 /* RepresentTests.m */,
				5864A71024BCC8BF008EB431 /* Info.plist */,
			);
			path = RepresentTests;
			sourceTree = "<group>";
		};
		5864A71824BCC8BF008EB431 /* RepresentUITests */ = {
			isa = PBXGroup;
			children = (
				5864A71924BCC8BF008EB431 /* RepresentUITests.m */,
				5864A71B24BCC8BF008EB431 /* Info.plist */,
			);
			path = RepresentUITests;
			sourceTree = "<group>";
		};
		5864A72724BD0669008EB431 /* View Controllers */ = {
			isa = PBXGroup;
			children = (
				5864A6F824BCC8BD008EB431 /* LoginViewController.h */,
				5864A6F924BCC8BD008EB431 /* LoginViewController.m */,
				5845E72B24BE0D4D00D46103 /* RegistrationViewController.h */,
				5845E72C24BE0D4D00D46103 /* RegistrationViewController.m */,
				5845E73124BE8DC700D46103 /* QuestionsViewController.h */,
				5845E73224BE8DC700D46103 /* QuestionsViewController.m */,
				580BB60B24C0ACCF00DFED65 /* PostQuestionsViewController.h */,
				580BB60C24C0ACCF00DFED65 /* PostQuestionsViewController.m */,
				5845E73424BEB57300D46103 /* BillsViewController.h */,
				5845E73524BEB57300D46103 /* BillsViewController.m */,
				5840C96524C642DD004E369A /* BillDetailsViewController.h */,
				5840C96624C642DD004E369A /* BillDetailsViewController.m */,
				5845E73724BEB57C00D46103 /* ProfileViewController.h */,
				5845E73824BEB57D00D46103 /* ProfileViewController.m */,
			);
			path = "View Controllers";
			sourceTree = "<group>";
		};
		5864A72824BD068B008EB431 /* Models */ = {
			isa = PBXGroup;
			children = (
				5864A72B24BD07E2008EB431 /* Question.h */,
				5864A72C24BD07E2008EB431 /* Question.m */,
				5864A72E24BD094C008EB431 /* User.h */,
				5864A72F24BD094C008EB431 /* User.m */,
				58E9B91A24BD199300263BF6 /* Bill.h */,
				58E9B91B24BD199300263BF6 /* Bill.m */,
			);
			path = Models;
			sourceTree = "<group>";
		};
		5864A72924BD0694008EB431 /* Views */ = {
			isa = PBXGroup;
			children = (
				5845E73A24BEB74C00D46103 /* QuestionCell.h */,
				5845E73B24BEB74C00D46103 /* QuestionCell.m */,
				580BB61124C0F7BF00DFED65 /* RepresentativeCell.h */,
				580BB61224C0F7BF00DFED65 /* RepresentativeCell.m */,
				580BB61424C2A5D600DFED65 /* BillCell.h */,
				580BB61524C2A5D600DFED65 /* BillCell.m */,
				58D42D8B24CB9EDE00376E64 /* VoteCell.h */,
				58D42D8C24CB9EDE00376E64 /* VoteCell.m */,
			);
			path = Views;
			sourceTree = "<group>";
		};
		5864A72A24BD0698008EB431 /* API */ = {
			isa = PBXGroup;
			children = (
				5845E72E24BE424D00D46103 /* APIManager.h */,
				5845E72F24BE424D00D46103 /* APIManager.m */,
			);
			path = API;
			sourceTree = "<group>";
		};
		58A0181724D3481800B2C275 /* Utils */ = {
			isa = PBXGroup;
			children = (
				58E9B91D24BD1EB300263BF6 /* Utils.h */,
				58E9B91E24BD1EB300263BF6 /* Utils.mm */,
			);
			path = Utils;
			sourceTree = "<group>";
		};
		64F1C31549370D71B2B9052A /* Frameworks */ = {
			isa = PBXGroup;
			children = (
				E9C3343F055F2A3123041E27 /* Pods_Represent.framework */,
				C43BA082FEB3A6A4A0C12874 /* Pods_Represent_RepresentUITests.framework */,
				31141F95D6EE27B492B88729 /* Pods_RepresentTests.framework */,
			);
			name = Frameworks;
			sourceTree = "<group>";
		};
		68C496F08D661F742A773E29 /* Pods */ = {
			isa = PBXGroup;
			children = (
				1F3D199CD8140A0B2516AADE /* Pods-Represent.debug.xcconfig */,
				2FE7E1791D6E31059A8E0C28 /* Pods-Represent.release.xcconfig */,
				756F1D18C0465A6F7F6020EB /* Pods-Represent-RepresentUITests.debug.xcconfig */,
				E2A80CB88FA5758626A1B24B /* Pods-Represent-RepresentUITests.release.xcconfig */,
				544D8C2B9FA0BD280B2C4A64 /* Pods-RepresentTests.debug.xcconfig */,
				441CD349C42F92316B822E3A /* Pods-RepresentTests.release.xcconfig */,
			);
			path = Pods;
			sourceTree = "<group>";
		};
/* End PBXGroup section */

/* Begin PBXNativeTarget section */
		5864A6EE24BCC8BD008EB431 /* Represent */ = {
			isa = PBXNativeTarget;
			buildConfigurationList = 5864A71E24BCC8BF008EB431 /* Build configuration list for PBXNativeTarget "Represent" */;
			buildPhases = (
				B48B0021241296BC3A115DC4 /* [CP] Check Pods Manifest.lock */,
				5864A6EB24BCC8BD008EB431 /* Sources */,
				5864A6EC24BCC8BD008EB431 /* Frameworks */,
				5864A6ED24BCC8BD008EB431 /* Resources */,
				3D36A3424A39D345C01A8605 /* [CP] Embed Pods Frameworks */,
			);
			buildRules = (
			);
			dependencies = (
			);
			name = Represent;
			productName = Represent;
			productReference = 5864A6EF24BCC8BD008EB431 /* Represent.app */;
			productType = "com.apple.product-type.application";
		};
		5864A70924BCC8BF008EB431 /* RepresentTests */ = {
			isa = PBXNativeTarget;
			buildConfigurationList = 5864A72124BCC8BF008EB431 /* Build configuration list for PBXNativeTarget "RepresentTests" */;
			buildPhases = (
				8BFCE59D631C6DC201BC07A7 /* [CP] Check Pods Manifest.lock */,
				5864A70624BCC8BF008EB431 /* Sources */,
				5864A70724BCC8BF008EB431 /* Frameworks */,
				5864A70824BCC8BF008EB431 /* Resources */,
			);
			buildRules = (
			);
			dependencies = (
				5864A70C24BCC8BF008EB431 /* PBXTargetDependency */,
			);
			name = RepresentTests;
			productName = RepresentTests;
			productReference = 5864A70A24BCC8BF008EB431 /* RepresentTests.xctest */;
			productType = "com.apple.product-type.bundle.unit-test";
		};
		5864A71424BCC8BF008EB431 /* RepresentUITests */ = {
			isa = PBXNativeTarget;
			buildConfigurationList = 5864A72424BCC8BF008EB431 /* Build configuration list for PBXNativeTarget "RepresentUITests" */;
			buildPhases = (
				55C80697E07AE90C92821648 /* [CP] Check Pods Manifest.lock */,
				5864A71124BCC8BF008EB431 /* Sources */,
				5864A71224BCC8BF008EB431 /* Frameworks */,
				5864A71324BCC8BF008EB431 /* Resources */,
				91DD41F1583B4DC920B975EE /* [CP] Embed Pods Frameworks */,
			);
			buildRules = (
			);
			dependencies = (
				5864A71724BCC8BF008EB431 /* PBXTargetDependency */,
			);
			name = RepresentUITests;
			productName = RepresentUITests;
			productReference = 5864A71524BCC8BF008EB431 /* RepresentUITests.xctest */;
			productType = "com.apple.product-type.bundle.ui-testing";
		};
/* End PBXNativeTarget section */

/* Begin PBXProject section */
		5864A6E724BCC8BD008EB431 /* Project object */ = {
			isa = PBXProject;
			attributes = {
				LastUpgradeCheck = 1150;
				ORGANIZATIONNAME = "Ria Vora";
				TargetAttributes = {
					5864A6EE24BCC8BD008EB431 = {
						CreatedOnToolsVersion = 11.5;
					};
					5864A70924BCC8BF008EB431 = {
						CreatedOnToolsVersion = 11.5;
						TestTargetID = 5864A6EE24BCC8BD008EB431;
					};
					5864A71424BCC8BF008EB431 = {
						CreatedOnToolsVersion = 11.5;
						TestTargetID = 5864A6EE24BCC8BD008EB431;
					};
				};
			};
			buildConfigurationList = 5864A6EA24BCC8BD008EB431 /* Build configuration list for PBXProject "Represent" */;
			compatibilityVersion = "Xcode 9.3";
			developmentRegion = en;
			hasScannedForEncodings = 0;
			knownRegions = (
				en,
				Base,
			);
			mainGroup = 5864A6E624BCC8BD008EB431;
			productRefGroup = 5864A6F024BCC8BD008EB431 /* Products */;
			projectDirPath = "";
			projectRoot = "";
			targets = (
				5864A6EE24BCC8BD008EB431 /* Represent */,
				5864A70924BCC8BF008EB431 /* RepresentTests */,
				5864A71424BCC8BF008EB431 /* RepresentUITests */,
			);
		};
/* End PBXProject section */

/* Begin PBXResourcesBuildPhase section */
		5864A6ED24BCC8BD008EB431 /* Resources */ = {
			isa = PBXResourcesBuildPhase;
			buildActionMask = 2147483647;
			files = (
				5864A70224BCC8BF008EB431 /* LaunchScreen.storyboard in Resources */,
				5864A6FF24BCC8BF008EB431 /* Assets.xcassets in Resources */,
				5864A6FD24BCC8BD008EB431 /* Main.storyboard in Resources */,
			);
			runOnlyForDeploymentPostprocessing = 0;
		};
		5864A70824BCC8BF008EB431 /* Resources */ = {
			isa = PBXResourcesBuildPhase;
			buildActionMask = 2147483647;
			files = (
			);
			runOnlyForDeploymentPostprocessing = 0;
		};
		5864A71324BCC8BF008EB431 /* Resources */ = {
			isa = PBXResourcesBuildPhase;
			buildActionMask = 2147483647;
			files = (
			);
			runOnlyForDeploymentPostprocessing = 0;
		};
/* End PBXResourcesBuildPhase section */

/* Begin PBXShellScriptBuildPhase section */
		3D36A3424A39D345C01A8605 /* [CP] Embed Pods Frameworks */ = {
			isa = PBXShellScriptBuildPhase;
			buildActionMask = 2147483647;
			files = (
			);
			inputFileListPaths = (
				"${PODS_ROOT}/Target Support Files/Pods-Represent/Pods-Represent-frameworks-${CONFIGURATION}-input-files.xcfilelist",
			);
			name = "[CP] Embed Pods Frameworks";
			outputFileListPaths = (
				"${PODS_ROOT}/Target Support Files/Pods-Represent/Pods-Represent-frameworks-${CONFIGURATION}-output-files.xcfilelist",
			);
			runOnlyForDeploymentPostprocessing = 0;
			shellPath = /bin/sh;
			shellScript = "\"${PODS_ROOT}/Target Support Files/Pods-Represent/Pods-Represent-frameworks.sh\"\n";
			showEnvVarsInLog = 0;
		};
		55C80697E07AE90C92821648 /* [CP] Check Pods Manifest.lock */ = {
			isa = PBXShellScriptBuildPhase;
			buildActionMask = 2147483647;
			files = (
			);
			inputFileListPaths = (
			);
			inputPaths = (
				"${PODS_PODFILE_DIR_PATH}/Podfile.lock",
				"${PODS_ROOT}/Manifest.lock",
			);
			name = "[CP] Check Pods Manifest.lock";
			outputFileListPaths = (
			);
			outputPaths = (
				"$(DERIVED_FILE_DIR)/Pods-Represent-RepresentUITests-checkManifestLockResult.txt",
			);
			runOnlyForDeploymentPostprocessing = 0;
			shellPath = /bin/sh;
			shellScript = "diff \"${PODS_PODFILE_DIR_PATH}/Podfile.lock\" \"${PODS_ROOT}/Manifest.lock\" > /dev/null\nif [ $? != 0 ] ; then\n    # print error to STDERR\n    echo \"error: The sandbox is not in sync with the Podfile.lock. Run 'pod install' or update your CocoaPods installation.\" >&2\n    exit 1\nfi\n# This output is used by Xcode 'outputs' to avoid re-running this script phase.\necho \"SUCCESS\" > \"${SCRIPT_OUTPUT_FILE_0}\"\n";
			showEnvVarsInLog = 0;
		};
		8BFCE59D631C6DC201BC07A7 /* [CP] Check Pods Manifest.lock */ = {
			isa = PBXShellScriptBuildPhase;
			buildActionMask = 2147483647;
			files = (
			);
			inputFileListPaths = (
			);
			inputPaths = (
				"${PODS_PODFILE_DIR_PATH}/Podfile.lock",
				"${PODS_ROOT}/Manifest.lock",
			);
			name = "[CP] Check Pods Manifest.lock";
			outputFileListPaths = (
			);
			outputPaths = (
				"$(DERIVED_FILE_DIR)/Pods-RepresentTests-checkManifestLockResult.txt",
			);
			runOnlyForDeploymentPostprocessing = 0;
			shellPath = /bin/sh;
			shellScript = "diff \"${PODS_PODFILE_DIR_PATH}/Podfile.lock\" \"${PODS_ROOT}/Manifest.lock\" > /dev/null\nif [ $? != 0 ] ; then\n    # print error to STDERR\n    echo \"error: The sandbox is not in sync with the Podfile.lock. Run 'pod install' or update your CocoaPods installation.\" >&2\n    exit 1\nfi\n# This output is used by Xcode 'outputs' to avoid re-running this script phase.\necho \"SUCCESS\" > \"${SCRIPT_OUTPUT_FILE_0}\"\n";
			showEnvVarsInLog = 0;
		};
		91DD41F1583B4DC920B975EE /* [CP] Embed Pods Frameworks */ = {
			isa = PBXShellScriptBuildPhase;
			buildActionMask = 2147483647;
			files = (
			);
			inputFileListPaths = (
				"${PODS_ROOT}/Target Support Files/Pods-Represent-RepresentUITests/Pods-Represent-RepresentUITests-frameworks-${CONFIGURATION}-input-files.xcfilelist",
			);
			name = "[CP] Embed Pods Frameworks";
			outputFileListPaths = (
				"${PODS_ROOT}/Target Support Files/Pods-Represent-RepresentUITests/Pods-Represent-RepresentUITests-frameworks-${CONFIGURATION}-output-files.xcfilelist",
			);
			runOnlyForDeploymentPostprocessing = 0;
			shellPath = /bin/sh;
			shellScript = "\"${PODS_ROOT}/Target Support Files/Pods-Represent-RepresentUITests/Pods-Represent-RepresentUITests-frameworks.sh\"\n";
			showEnvVarsInLog = 0;
		};
		B48B0021241296BC3A115DC4 /* [CP] Check Pods Manifest.lock */ = {
			isa = PBXShellScriptBuildPhase;
			buildActionMask = 2147483647;
			files = (
			);
			inputFileListPaths = (
			);
			inputPaths = (
				"${PODS_PODFILE_DIR_PATH}/Podfile.lock",
				"${PODS_ROOT}/Manifest.lock",
			);
			name = "[CP] Check Pods Manifest.lock";
			outputFileListPaths = (
			);
			outputPaths = (
				"$(DERIVED_FILE_DIR)/Pods-Represent-checkManifestLockResult.txt",
			);
			runOnlyForDeploymentPostprocessing = 0;
			shellPath = /bin/sh;
			shellScript = "diff \"${PODS_PODFILE_DIR_PATH}/Podfile.lock\" \"${PODS_ROOT}/Manifest.lock\" > /dev/null\nif [ $? != 0 ] ; then\n    # print error to STDERR\n    echo \"error: The sandbox is not in sync with the Podfile.lock. Run 'pod install' or update your CocoaPods installation.\" >&2\n    exit 1\nfi\n# This output is used by Xcode 'outputs' to avoid re-running this script phase.\necho \"SUCCESS\" > \"${SCRIPT_OUTPUT_FILE_0}\"\n";
			showEnvVarsInLog = 0;
		};
/* End PBXShellScriptBuildPhase section */

/* Begin PBXSourcesBuildPhase section */
		5864A6EB24BCC8BD008EB431 /* Sources */ = {
			isa = PBXSourcesBuildPhase;
			buildActionMask = 2147483647;
			files = (
				580BB61324C0F7BF00DFED65 /* RepresentativeCell.m in Sources */,
				5840C96724C642DD004E369A /* BillDetailsViewController.m in Sources */,
				5864A6FA24BCC8BD008EB431 /* LoginViewController.m in Sources */,
				580BB60D24C0ACCF00DFED65 /* PostQuestionsViewController.m in Sources */,
				5845E73C24BEB74C00D46103 /* QuestionCell.m in Sources */,
				5845E73624BEB57300D46103 /* BillsViewController.m in Sources */,
				5864A6F424BCC8BD008EB431 /* AppDelegate.m in Sources */,
				580BB61624C2A5D600DFED65 /* BillCell.m in Sources */,
				58E9B91C24BD199300263BF6 /* Bill.m in Sources */,
				58E9B91F24BD1EB300263BF6 /* Utils.mm in Sources */,
				5845E73024BE424D00D46103 /* APIManager.m in Sources */,
				5864A73024BD094C008EB431 /* User.m in Sources */,
				5864A72D24BD07E2008EB431 /* Question.m in Sources */,
				5864A70524BCC8BF008EB431 /* main.m in Sources */,
				5845E73924BEB57D00D46103 /* ProfileViewController.m in Sources */,
				5845E72D24BE0D4D00D46103 /* RegistrationViewController.m in Sources */,
				5845E73324BE8DC700D46103 /* QuestionsViewController.m in Sources */,
				5864A6F724BCC8BD008EB431 /* SceneDelegate.m in Sources */,
				58D42D8D24CB9EDE00376E64 /* VoteCell.m in Sources */,
			);
			runOnlyForDeploymentPostprocessing = 0;
		};
		5864A70624BCC8BF008EB431 /* Sources */ = {
			isa = PBXSourcesBuildPhase;
			buildActionMask = 2147483647;
			files = (
				5864A70F24BCC8BF008EB431 /* RepresentTests.m in Sources */,
			);
			runOnlyForDeploymentPostprocessing = 0;
		};
		5864A71124BCC8BF008EB431 /* Sources */ = {
			isa = PBXSourcesBuildPhase;
			buildActionMask = 2147483647;
			files = (
				5864A71A24BCC8BF008EB431 /* RepresentUITests.m in Sources */,
			);
			runOnlyForDeploymentPostprocessing = 0;
		};
/* End PBXSourcesBuildPhase section */

/* Begin PBXTargetDependency section */
		5864A70C24BCC8BF008EB431 /* PBXTargetDependency */ = {
			isa = PBXTargetDependency;
			target = 5864A6EE24BCC8BD008EB431 /* Represent */;
			targetProxy = 5864A70B24BCC8BF008EB431 /* PBXContainerItemProxy */;
		};
		5864A71724BCC8BF008EB431 /* PBXTargetDependency */ = {
			isa = PBXTargetDependency;
			target = 5864A6EE24BCC8BD008EB431 /* Represent */;
			targetProxy = 5864A71624BCC8BF008EB431 /* PBXContainerItemProxy */;
		};
/* End PBXTargetDependency section */

/* Begin PBXVariantGroup section */
		5864A6FB24BCC8BD008EB431 /* Main.storyboard */ = {
			isa = PBXVariantGroup;
			children = (
				5864A6FC24BCC8BD008EB431 /* Base */,
			);
			name = Main.storyboard;
			sourceTree = "<group>";
		};
		5864A70024BCC8BF008EB431 /* LaunchScreen.storyboard */ = {
			isa = PBXVariantGroup;
			children = (
				5864A70124BCC8BF008EB431 /* Base */,
			);
			name = LaunchScreen.storyboard;
			sourceTree = "<group>";
		};
/* End PBXVariantGroup section */

/* Begin XCBuildConfiguration section */
		5864A71C24BCC8BF008EB431 /* Debug */ = {
			isa = XCBuildConfiguration;
			buildSettings = {
				ALWAYS_SEARCH_USER_PATHS = NO;
				CLANG_ANALYZER_NONNULL = YES;
				CLANG_ANALYZER_NUMBER_OBJECT_CONVERSION = YES_AGGRESSIVE;
				CLANG_CXX_LANGUAGE_STANDARD = "gnu++14";
				CLANG_CXX_LIBRARY = "libc++";
				CLANG_ENABLE_MODULES = YES;
				CLANG_ENABLE_OBJC_ARC = YES;
				CLANG_ENABLE_OBJC_WEAK = YES;
				CLANG_WARN_BLOCK_CAPTURE_AUTORELEASING = YES;
				CLANG_WARN_BOOL_CONVERSION = YES;
				CLANG_WARN_COMMA = YES;
				CLANG_WARN_CONSTANT_CONVERSION = YES;
				CLANG_WARN_DEPRECATED_OBJC_IMPLEMENTATIONS = YES;
				CLANG_WARN_DIRECT_OBJC_ISA_USAGE = YES_ERROR;
				CLANG_WARN_DOCUMENTATION_COMMENTS = YES;
				CLANG_WARN_EMPTY_BODY = YES;
				CLANG_WARN_ENUM_CONVERSION = YES;
				CLANG_WARN_INFINITE_RECURSION = YES;
				CLANG_WARN_INT_CONVERSION = YES;
				CLANG_WARN_NON_LITERAL_NULL_CONVERSION = YES;
				CLANG_WARN_OBJC_IMPLICIT_RETAIN_SELF = YES;
				CLANG_WARN_OBJC_LITERAL_CONVERSION = YES;
				CLANG_WARN_OBJC_ROOT_CLASS = YES_ERROR;
				CLANG_WARN_RANGE_LOOP_ANALYSIS = YES;
				CLANG_WARN_STRICT_PROTOTYPES = YES;
				CLANG_WARN_SUSPICIOUS_MOVE = YES;
				CLANG_WARN_UNGUARDED_AVAILABILITY = YES_AGGRESSIVE;
				CLANG_WARN_UNREACHABLE_CODE = YES;
				CLANG_WARN__DUPLICATE_METHOD_MATCH = YES;
				CLANG_X86_VECTOR_INSTRUCTIONS = default;
				COPY_PHASE_STRIP = NO;
				DEBUG_INFORMATION_FORMAT = dwarf;
				ENABLE_STRICT_OBJC_MSGSEND = YES;
				ENABLE_TESTABILITY = YES;
				GCC_C_LANGUAGE_STANDARD = gnu11;
				GCC_DYNAMIC_NO_PIC = NO;
				GCC_NO_COMMON_BLOCKS = YES;
				GCC_OPTIMIZATION_LEVEL = 0;
				GCC_PREPROCESSOR_DEFINITIONS = (
					"DEBUG=1",
					"$(inherited)",
				);
				GCC_WARN_64_TO_32_BIT_CONVERSION = YES;
				GCC_WARN_ABOUT_RETURN_TYPE = YES_ERROR;
				GCC_WARN_UNDECLARED_SELECTOR = YES;
				GCC_WARN_UNINITIALIZED_AUTOS = YES_AGGRESSIVE;
				GCC_WARN_UNUSED_FUNCTION = YES;
				GCC_WARN_UNUSED_VARIABLE = YES;
				IPHONEOS_DEPLOYMENT_TARGET = 13.5;
				MTL_ENABLE_DEBUG_INFO = INCLUDE_SOURCE;
				MTL_FAST_MATH = YES;
				ONLY_ACTIVE_ARCH = YES;
				SDKROOT = iphoneos;
			};
			name = Debug;
		};
		5864A71D24BCC8BF008EB431 /* Release */ = {
			isa = XCBuildConfiguration;
			buildSettings = {
				ALWAYS_SEARCH_USER_PATHS = NO;
				CLANG_ANALYZER_NONNULL = YES;
				CLANG_ANALYZER_NUMBER_OBJECT_CONVERSION = YES_AGGRESSIVE;
				CLANG_CXX_LANGUAGE_STANDARD = "gnu++14";
				CLANG_CXX_LIBRARY = "libc++";
				CLANG_ENABLE_MODULES = YES;
				CLANG_ENABLE_OBJC_ARC = YES;
				CLANG_ENABLE_OBJC_WEAK = YES;
				CLANG_WARN_BLOCK_CAPTURE_AUTORELEASING = YES;
				CLANG_WARN_BOOL_CONVERSION = YES;
				CLANG_WARN_COMMA = YES;
				CLANG_WARN_CONSTANT_CONVERSION = YES;
				CLANG_WARN_DEPRECATED_OBJC_IMPLEMENTATIONS = YES;
				CLANG_WARN_DIRECT_OBJC_ISA_USAGE = YES_ERROR;
				CLANG_WARN_DOCUMENTATION_COMMENTS = YES;
				CLANG_WARN_EMPTY_BODY = YES;
				CLANG_WARN_ENUM_CONVERSION = YES;
				CLANG_WARN_INFINITE_RECURSION = YES;
				CLANG_WARN_INT_CONVERSION = YES;
				CLANG_WARN_NON_LITERAL_NULL_CONVERSION = YES;
				CLANG_WARN_OBJC_IMPLICIT_RETAIN_SELF = YES;
				CLANG_WARN_OBJC_LITERAL_CONVERSION = YES;
				CLANG_WARN_OBJC_ROOT_CLASS = YES_ERROR;
				CLANG_WARN_RANGE_LOOP_ANALYSIS = YES;
				CLANG_WARN_STRICT_PROTOTYPES = YES;
				CLANG_WARN_SUSPICIOUS_MOVE = YES;
				CLANG_WARN_UNGUARDED_AVAILABILITY = YES_AGGRESSIVE;
				CLANG_WARN_UNREACHABLE_CODE = YES;
				CLANG_WARN__DUPLICATE_METHOD_MATCH = YES;
				CLANG_X86_VECTOR_INSTRUCTIONS = default;
				COPY_PHASE_STRIP = NO;
				DEBUG_INFORMATION_FORMAT = "dwarf-with-dsym";
				ENABLE_NS_ASSERTIONS = NO;
				ENABLE_STRICT_OBJC_MSGSEND = YES;
				GCC_C_LANGUAGE_STANDARD = gnu11;
				GCC_NO_COMMON_BLOCKS = YES;
				GCC_WARN_64_TO_32_BIT_CONVERSION = YES;
				GCC_WARN_ABOUT_RETURN_TYPE = YES_ERROR;
				GCC_WARN_UNDECLARED_SELECTOR = YES;
				GCC_WARN_UNINITIALIZED_AUTOS = YES_AGGRESSIVE;
				GCC_WARN_UNUSED_FUNCTION = YES;
				GCC_WARN_UNUSED_VARIABLE = YES;
				IPHONEOS_DEPLOYMENT_TARGET = 13.5;
				MTL_ENABLE_DEBUG_INFO = NO;
				MTL_FAST_MATH = YES;
				SDKROOT = iphoneos;
				VALIDATE_PRODUCT = YES;
			};
			name = Release;
		};
		5864A71F24BCC8BF008EB431 /* Debug */ = {
			isa = XCBuildConfiguration;
			baseConfigurationReference = 1F3D199CD8140A0B2516AADE /* Pods-Represent.debug.xcconfig */;
			buildSettings = {
				ASSETCATALOG_COMPILER_APPICON_NAME = AppIcon;
				CODE_SIGN_STYLE = Automatic;
				DEVELOPMENT_TEAM = 27X8JHB629;
				INFOPLIST_FILE = Represent/Info.plist;
				LD_RUNPATH_SEARCH_PATHS = (
					"$(inherited)",
					"@executable_path/Frameworks",
				);
				PRODUCT_BUNDLE_IDENTIFIER = com.riavora.Represent;
				PRODUCT_NAME = "$(TARGET_NAME)";
				TARGETED_DEVICE_FAMILY = "1,2";
			};
			name = Debug;
		};
		5864A72024BCC8BF008EB431 /* Release */ = {
			isa = XCBuildConfiguration;
			baseConfigurationReference = 2FE7E1791D6E31059A8E0C28 /* Pods-Represent.release.xcconfig */;
			buildSettings = {
				ASSETCATALOG_COMPILER_APPICON_NAME = AppIcon;
				CODE_SIGN_STYLE = Automatic;
				DEVELOPMENT_TEAM = 27X8JHB629;
				INFOPLIST_FILE = Represent/Info.plist;
				LD_RUNPATH_SEARCH_PATHS = (
					"$(inherited)",
					"@executable_path/Frameworks",
				);
				PRODUCT_BUNDLE_IDENTIFIER = com.riavora.Represent;
				PRODUCT_NAME = "$(TARGET_NAME)";
				TARGETED_DEVICE_FAMILY = "1,2";
			};
			name = Release;
		};
		5864A72224BCC8BF008EB431 /* Debug */ = {
			isa = XCBuildConfiguration;
			baseConfigurationReference = 544D8C2B9FA0BD280B2C4A64 /* Pods-RepresentTests.debug.xcconfig */;
			buildSettings = {
				BUNDLE_LOADER = "$(TEST_HOST)";
				CODE_SIGN_STYLE = Automatic;
				DEVELOPMENT_TEAM = 27X8JHB629;
				INFOPLIST_FILE = RepresentTests/Info.plist;
				IPHONEOS_DEPLOYMENT_TARGET = 13.5;
				LD_RUNPATH_SEARCH_PATHS = (
					"$(inherited)",
					"@executable_path/Frameworks",
					"@loader_path/Frameworks",
				);
				PRODUCT_BUNDLE_IDENTIFIER = com.riavora.RepresentTests;
				PRODUCT_NAME = "$(TARGET_NAME)";
				TARGETED_DEVICE_FAMILY = "1,2";
				TEST_HOST = "$(BUILT_PRODUCTS_DIR)/Represent.app/Represent";
			};
			name = Debug;
		};
		5864A72324BCC8BF008EB431 /* Release */ = {
			isa = XCBuildConfiguration;
			baseConfigurationReference = 441CD349C42F92316B822E3A /* Pods-RepresentTests.release.xcconfig */;
			buildSettings = {
				BUNDLE_LOADER = "$(TEST_HOST)";
				CODE_SIGN_STYLE = Automatic;
				DEVELOPMENT_TEAM = 27X8JHB629;
				INFOPLIST_FILE = RepresentTests/Info.plist;
				IPHONEOS_DEPLOYMENT_TARGET = 13.5;
				LD_RUNPATH_SEARCH_PATHS = (
					"$(inherited)",
					"@executable_path/Frameworks",
					"@loader_path/Frameworks",
				);
				PRODUCT_BUNDLE_IDENTIFIER = com.riavora.RepresentTests;
				PRODUCT_NAME = "$(TARGET_NAME)";
				TARGETED_DEVICE_FAMILY = "1,2";
				TEST_HOST = "$(BUILT_PRODUCTS_DIR)/Represent.app/Represent";
			};
			name = Release;
		};
		5864A72524BCC8BF008EB431 /* Debug */ = {
			isa = XCBuildConfiguration;
			baseConfigurationReference = 756F1D18C0465A6F7F6020EB /* Pods-Represent-RepresentUITests.debug.xcconfig */;
			buildSettings = {
				CODE_SIGN_STYLE = Automatic;
				DEVELOPMENT_TEAM = 27X8JHB629;
				INFOPLIST_FILE = RepresentUITests/Info.plist;
				LD_RUNPATH_SEARCH_PATHS = (
					"$(inherited)",
					"@executable_path/Frameworks",
					"@loader_path/Frameworks",
				);
				PRODUCT_BUNDLE_IDENTIFIER = com.riavora.RepresentUITests;
				PRODUCT_NAME = "$(TARGET_NAME)";
				TARGETED_DEVICE_FAMILY = "1,2";
				TEST_TARGET_NAME = Represent;
			};
			name = Debug;
		};
		5864A72624BCC8BF008EB431 /* Release */ = {
			isa = XCBuildConfiguration;
			baseConfigurationReference = E2A80CB88FA5758626A1B24B /* Pods-Represent-RepresentUITests.release.xcconfig */;
			buildSettings = {
				CODE_SIGN_STYLE = Automatic;
				DEVELOPMENT_TEAM = 27X8JHB629;
				INFOPLIST_FILE = RepresentUITests/Info.plist;
				LD_RUNPATH_SEARCH_PATHS = (
					"$(inherited)",
					"@executable_path/Frameworks",
					"@loader_path/Frameworks",
				);
				PRODUCT_BUNDLE_IDENTIFIER = com.riavora.RepresentUITests;
				PRODUCT_NAME = "$(TARGET_NAME)";
				TARGETED_DEVICE_FAMILY = "1,2";
				TEST_TARGET_NAME = Represent;
			};
			name = Release;
		};
/* End XCBuildConfiguration section */

/* Begin XCConfigurationList section */
		5864A6EA24BCC8BD008EB431 /* Build configuration list for PBXProject "Represent" */ = {
			isa = XCConfigurationList;
			buildConfigurations = (
				5864A71C24BCC8BF008EB431 /* Debug */,
				5864A71D24BCC8BF008EB431 /* Release */,
			);
			defaultConfigurationIsVisible = 0;
			defaultConfigurationName = Release;
		};
		5864A71E24BCC8BF008EB431 /* Build configuration list for PBXNativeTarget "Represent" */ = {
			isa = XCConfigurationList;
			buildConfigurations = (
				5864A71F24BCC8BF008EB431 /* Debug */,
				5864A72024BCC8BF008EB431 /* Release */,
			);
			defaultConfigurationIsVisible = 0;
			defaultConfigurationName = Release;
		};
		5864A72124BCC8BF008EB431 /* Build configuration list for PBXNativeTarget "RepresentTests" */ = {
			isa = XCConfigurationList;
			buildConfigurations = (
				5864A72224BCC8BF008EB431 /* Debug */,
				5864A72324BCC8BF008EB431 /* Release */,
			);
			defaultConfigurationIsVisible = 0;
			defaultConfigurationName = Release;
		};
		5864A72424BCC8BF008EB431 /* Build configuration list for PBXNativeTarget "RepresentUITests" */ = {
			isa = XCConfigurationList;
			buildConfigurations = (
				5864A72524BCC8BF008EB431 /* Debug */,
				5864A72624BCC8BF008EB431 /* Release */,
			);
			defaultConfigurationIsVisible = 0;
			defaultConfigurationName = Release;
		};
/* End XCConfigurationList section */
	};
	rootObject = 5864A6E724BCC8BD008EB431 /* Project object */;
}
